
Microsoft Visual Studio Solution File, Format Version 12.00
# Visual Studio Version 16
VisualStudioVersion = 16.0.28803.202
MinimumVisualStudioVersion = 10.0.40219.1
Project("{9A19103F-16F7-4668-BE54-9A1E7A4F7556}") = "MvvmCrossScaffold001.Core", "src\MvvmCrossScaffold001.Core\MvvmCrossScaffold001.Core.csproj", "{B2859BC1-207E-478C-8C3E-AD54A9088816}"
EndProject
Project("{FAE04EC0-301F-11D3-BF4B-00C04F79EFBC}") = "MvvmCrossScaffold001.iOS", "src\MvvmCrossScaffold001.iOS\MvvmCrossScaffold001.iOS.csproj", "{A80FFB89-A07D-4037-9655-259E80CA7713}"
EndProject
Project("{FAE04EC0-301F-11D3-BF4B-00C04F79EFBC}") = "ConsoleApp1", "src\ConsoleApp1\ConsoleApp1.csproj", "{CAD2D0BA-5012-4875-B499-DE2CCD5D1412}"
EndProject
Project("{FAE04EC0-301F-11D3-BF4B-00C04F79EFBC}") = "MvvmCrossScaffold001.Core.Test", "MvvmCrossScaffold001.Core.Test\MvvmCrossScaffold001.Core.Test.csproj", "{F92A7A16-FED5-4806-9157-D9DED277C5E8}"
EndProject
Global
	GlobalSection(SolutionConfigurationPlatforms) = preSolution
		Debug|Any CPU = Debug|Any CPU
		Debug|ARM = Debug|ARM
		Debug|iPhone = Debug|iPhone
		Debug|iPhoneSimulator = Debug|iPhoneSimulator
		Debug|x64 = Debug|x64
		Debug|x86 = Debug|x86
		Release|Any CPU = Release|Any CPU
		Release|ARM = Release|ARM
		Release|iPhone = Release|iPhone
		Release|iPhoneSimulator = Release|iPhoneSimulator
		Release|x64 = Release|x64
		Release|x86 = Release|x86
	EndGlobalSection
	GlobalSection(ProjectConfigurationPlatforms) = postSolution
		{B2859BC1-207E-478C-8C3E-AD54A9088816}.Debug|Any CPU.ActiveCfg = Debug|Any CPU
		{B2859BC1-207E-478C-8C3E-AD54A9088816}.Debug|Any CPU.Build.0 = Debug|Any CPU
		{B2859BC1-207E-478C-8C3E-AD54A9088816}.Debug|ARM.ActiveCfg = Debug|Any CPU
		{B2859BC1-207E-478C-8C3E-AD54A9088816}.Debug|ARM.Build.0 = Debug|Any CPU
		{B2859BC1-207E-478C-8C3E-AD54A9088816}.Debug|iPhone.ActiveCfg = Debug|Any CPU
		{B2859BC1-207E-478C-8C3E-AD54A9088816}.Debug|iPhone.Build.0 = Debug|Any CPU
		{B2859BC1-207E-478C-8C3E-AD54A9088816}.Debug|iPhoneSimulator.ActiveCfg = Debug|Any CPU
		{B2859BC1-207E-478C-8C3E-AD54A9088816}.Debug|iPhoneSimulator.Build.0 = Debug|Any CPU
		{B2859BC1-207E-478C-8C3E-AD54A9088816}.Debug|x64.ActiveCfg = Debug|Any CPU
		{B2859BC1-207E-478C-8C3E-AD54A9088816}.Debug|x64.Build.0 = Debug|Any CPU
		{B2859BC1-207E-478C-8C3E-AD54A9088816}.Debug|x86.ActiveCfg = Debug|Any CPU
		{B2859BC1-207E-478C-8C3E-AD54A9088816}.Debug|x86.Build.0 = Debug|Any CPU
		{B2859BC1-207E-478C-8C3E-AD54A9088816}.Release|Any CPU.ActiveCfg = Release|Any CPU
		{B2859BC1-207E-478C-8C3E-AD54A9088816}.Release|Any CPU.Build.0 = Release|Any CPU
		{B2859BC1-207E-478C-8C3E-AD54A9088816}.Release|ARM.ActiveCfg = Release|Any CPU
		{B2859BC1-207E-478C-8C3E-AD54A9088816}.Release|ARM.Build.0 = Release|Any CPU
		{B2859BC1-207E-478C-8C3E-AD54A9088816}.Release|iPhone.ActiveCfg = Release|Any CPU
		{B2859BC1-207E-478C-8C3E-AD54A9088816}.Release|iPhone.Build.0 = Release|Any CPU
		{B2859BC1-207E-478C-8C3E-AD54A9088816}.Release|iPhoneSimulator.ActiveCfg = Release|Any CPU
		{B2859BC1-207E-478C-8C3E-AD54A9088816}.Release|iPhoneSimulator.Build.0 = Release|Any CPU
		{B2859BC1-207E-478C-8C3E-AD54A9088816}.Release|x64.ActiveCfg = Release|Any CPU
		{B2859BC1-207E-478C-8C3E-AD54A9088816}.Release|x64.Build.0 = Release|Any CPU
		{B2859BC1-207E-478C-8C3E-AD54A9088816}.Release|x86.ActiveCfg = Release|Any CPU
		{B2859BC1-207E-478C-8C3E-AD54A9088816}.Release|x86.Build.0 = Release|Any CPU
		{A80FFB89-A07D-4037-9655-259E80CA7713}.Debug|Any CPU.ActiveCfg = Debug|iPhone
		{A80FFB89-A07D-4037-9655-259E80CA7713}.Debug|Any CPU.Build.0 = Debug|iPhone
		{A80FFB89-A07D-4037-9655-259E80CA7713}.Debug|ARM.ActiveCfg = Debug|iPhone
		{A80FFB89-A07D-4037-9655-259E80CA7713}.Debug|iPhone.ActiveCfg = Debug|iPhone
		{A80FFB89-A07D-4037-9655-259E80CA7713}.Debug|iPhone.Build.0 = Debug|iPhone
		{A80FFB89-A07D-4037-9655-259E80CA7713}.Debug|iPhone.Deploy.0 = Debug|iPhone
		{A80FFB89-A07D-4037-9655-259E80CA7713}.Debug|iPhoneSimulator.ActiveCfg = Debug|iPhoneSimulator
		{A80FFB89-A07D-4037-9655-259E80CA7713}.Debug|iPhoneSimulator.Build.0 = Debug|iPhoneSimulator
		{A80FFB89-A07D-4037-9655-259E80CA7713}.Debug|iPhoneSimulator.Deploy.0 = Debug|iPhoneSimulator
		{A80FFB89-A07D-4037-9655-259E80CA7713}.Debug|x64.ActiveCfg = Debug|iPhone
		{A80FFB89-A07D-4037-9655-259E80CA7713}.Debug|x86.ActiveCfg = Debug|iPhone
		{A80FFB89-A07D-4037-9655-259E80CA7713}.Release|Any CPU.ActiveCfg = Release|iPhone
		{A80FFB89-A07D-4037-9655-259E80CA7713}.Release|ARM.ActiveCfg = Release|iPhone
		{A80FFB89-A07D-4037-9655-259E80CA7713}.Release|iPhone.ActiveCfg = Release|iPhone
		{A80FFB89-A07D-4037-9655-259E80CA7713}.Release|iPhone.Build.0 = Release|iPhone
		{A80FFB89-A07D-4037-9655-259E80CA7713}.Release|iPhone.Deploy.0 = Release|iPhone
		{A80FFB89-A07D-4037-9655-259E80CA7713}.Release|iPhoneSimulator.ActiveCfg = Release|iPhoneSimulator
		{A80FFB89-A07D-4037-9655-259E80CA7713}.Release|iPhoneSimulator.Build.0 = Release|iPhoneSimulator
		{A80FFB89-A07D-4037-9655-259E80CA7713}.Release|iPhoneSimulator.Deploy.0 = Release|iPhoneSimulator
		{A80FFB89-A07D-4037-9655-259E80CA7713}.Release|x64.ActiveCfg = Release|iPhone
		{A80FFB89-A07D-4037-9655-259E80CA7713}.Release|x86.ActiveCfg = Release|iPhone
		{CAD2D0BA-5012-4875-B499-DE2CCD5D1412}.Debug|Any CPU.ActiveCfg = Debug|Any CPU
		{CAD2D0BA-5012-4875-B499-DE2CCD5D1412}.Debug|Any CPU.Build.0 = Debug|Any CPU
		{CAD2D0BA-5012-4875-B499-DE2CCD5D1412}.Debug|ARM.ActiveCfg = Debug|Any CPU
		{CAD2D0BA-5012-4875-B499-DE2CCD5D1412}.Debug|ARM.Build.0 = Debug|Any CPU
		{CAD2D0BA-5012-4875-B499-DE2CCD5D1412}.Debug|iPhone.ActiveCfg = Debug|Any CPU
		{CAD2D0BA-5012-4875-B499-DE2CCD5D1412}.Debug|iPhone.Build.0 = Debug|Any CPU
		{CAD2D0BA-5012-4875-B499-DE2CCD5D1412}.Debug|iPhoneSimulator.ActiveCfg = Debug|Any CPU
		{CAD2D0BA-5012-4875-B499-DE2CCD5D1412}.Debug|iPhoneSimulator.Build.0 = Debug|Any CPU
		{CAD2D0BA-5012-4875-B499-DE2CCD5D1412}.Debug|x64.ActiveCfg = Debug|Any CPU
		{CAD2D0BA-5012-4875-B499-DE2CCD5D1412}.Debug|x64.Build.0 = Debug|Any CPU
		{CAD2D0BA-5012-4875-B499-DE2CCD5D1412}.Debug|x86.ActiveCfg = Debug|Any CPU
		{CAD2D0BA-5012-4875-B499-DE2CCD5D1412}.Debug|x86.Build.0 = Debug|Any CPU
		{CAD2D0BA-5012-4875-B499-DE2CCD5D1412}.Release|Any CPU.ActiveCfg = Release|Any CPU
		{CAD2D0BA-5012-4875-B499-DE2CCD5D1412}.Release|Any CPU.Build.0 = Release|Any CPU
		{CAD2D0BA-5012-4875-B499-DE2CCD5D1412}.Release|ARM.ActiveCfg = Release|Any CPU
		{CAD2D0BA-5012-4875-B499-DE2CCD5D1412}.Release|ARM.Build.0 = Release|Any CPU
		{CAD2D0BA-5012-4875-B499-DE2CCD5D1412}.Release|iPhone.ActiveCfg = Release|Any CPU
		{CAD2D0BA-5012-4875-B499-DE2CCD5D1412}.Release|iPhone.Build.0 = Release|Any CPU
		{CAD2D0BA-5012-4875-B499-DE2CCD5D1412}.Release|iPhoneSimulator.ActiveCfg = Release|Any CPU
		{CAD2D0BA-5012-4875-B499-DE2CCD5D1412}.Release|iPhoneSimulator.Build.0 = Release|Any CPU
		{CAD2D0BA-5012-4875-B499-DE2CCD5D1412}.Release|x64.ActiveCfg = Release|Any CPU
		{CAD2D0BA-5012-4875-B499-DE2CCD5D1412}.Release|x64.Build.0 = Release|Any CPU
		{CAD2D0BA-5012-4875-B499-DE2CCD5D1412}.Release|x86.ActiveCfg = Release|Any CPU
		{CAD2D0BA-5012-4875-B499-DE2CCD5D1412}.Release|x86.Build.0 = Release|Any CPU
		{F92A7A16-FED5-4806-9157-D9DED277C5E8}.Debug|Any CPU.ActiveCfg = Debug|Any CPU
		{F92A7A16-FED5-4806-9157-D9DED277C5E8}.Debug|Any CPU.Build.0 = Debug|Any CPU
		{F92A7A16-FED5-4806-9157-D9DED277C5E8}.Debug|ARM.ActiveCfg = Debug|Any CPU
		{F92A7A16-FED5-4806-9157-D9DED277C5E8}.Debug|ARM.Build.0 = Debug|Any CPU
		{F92A7A16-FED5-4806-9157-D9DED277C5E8}.Debug|iPhone.ActiveCfg = Debug|Any CPU
		{F92A7A16-FED5-4806-9157-D9DED277C5E8}.Debug|iPhone.Build.0 = Debug|Any CPU
		{F92A7A16-FED5-4806-9157-D9DED277C5E8}.Debug|iPhoneSimulator.ActiveCfg = Debug|Any CPU
		{F92A7A16-FED5-4806-9157-D9DED277C5E8}.Debug|iPhoneSimulator.Build.0 = Debug|Any CPU
		{F92A7A16-FED5-4806-9157-D9DED277C5E8}.Debug|x64.ActiveCfg = Debug|Any CPU
		{F92A7A16-FED5-4806-9157-D9DED277C5E8}.Debug|x64.Build.0 = Debug|Any CPU
		{F92A7A16-FED5-4806-9157-D9DED277C5E8}.Debug|x86.ActiveCfg = Debug|Any CPU
		{F92A7A16-FED5-4806-9157-D9DED277C5E8}.Debug|x86.Build.0 = Debug|Any CPU
		{F92A7A16-FED5-4806-9157-D9DED277C5E8}.Release|Any CPU.ActiveCfg = Release|Any CPU
		{F92A7A16-FED5-4806-9157-D9DED277C5E8}.Release|Any CPU.Build.0 = Release|Any CPU
		{F92A7A16-FED5-4806-9157-D9DED277C5E8}.Release|ARM.ActiveCfg = Release|Any CPU
		{F92A7A16-FED5-4806-9157-D9DED277C5E8}.Release|ARM.Build.0 = Release|Any CPU
		{F92A7A16-FED5-4806-9157-D9DED277C5E8}.Release|iPhone.ActiveCfg = Release|Any CPU
		{F92A7A16-FED5-4806-9157-D9DED277C5E8}.Release|iPhone.Build.0 = Release|Any CPU
		{F92A7A16-FED5-4806-9157-D9DED277C5E8}.Release|iPhoneSimulator.ActiveCfg = Release|Any CPU
		{F92A7A16-FED5-4806-9157-D9DED277C5E8}.Release|iPhoneSimulator.Build.0 = Release|Any CPU
		{F92A7A16-FED5-4806-9157-D9DED277C5E8}.Release|x64.ActiveCfg = Release|Any CPU
		{F92A7A16-FED5-4806-9157-D9DED277C5E8}.Release|x64.Build.0 = Release|Any CPU
		{F92A7A16-FED5-4806-9157-D9DED277C5E8}.Release|x86.ActiveCfg = Release|Any CPU
		{F92A7A16-FED5-4806-9157-D9DED277C5E8}.Release|x86.Build.0 = Release|Any CPU
	EndGlobalSection
	GlobalSection(SolutionProperties) = preSolution
		HideSolutionNode = FALSE
	EndGlobalSection
	GlobalSection(ExtensibilityGlobals) = postSolution
		SolutionGuid = {CD7009A8-2CBA-47D1-BE8C-746FABBB5EDC}
	EndGlobalSection
EndGlobal
